
Microsoft Visual Studio Solution File, Format Version 12.00
# Visual Studio Version 17
VisualStudioVersion = 17.5.002.0
MinimumVisualStudioVersion = 10.0.40219.1
Project("{9A19103F-16F7-4668-BE54-9A1E7A4F7556}") = "DesignPatterns", "DesignPatterns\DesignPatterns.csproj", "{127CC1B0-2554-4A0C-88F7-56E9636159D8}"
EndProject
Global
	GlobalSection(SolutionConfigurationPlatforms) = preSolution
		Debug|Any CPU = Debug|Any CPU
		Release|Any CPU = Release|Any CPU
	EndGlobalSection
	GlobalSection(ProjectConfigurationPlatforms) = postSolution
		{127CC1B0-2554-4A0C-88F7-56E9636159D8}.Debug|Any CPU.ActiveCfg = Debug|Any CPU
		{127CC1B0-2554-4A0C-88F7-56E9636159D8}.Debug|Any CPU.Build.0 = Debug|Any CPU
		{127CC1B0-2554-4A0C-88F7-56E9636159D8}.Release|Any CPU.ActiveCfg = Release|Any CPU
		{127CC1B0-2554-4A0C-88F7-56E9636159D8}.Release|Any CPU.Build.0 = Release|Any CPU
	EndGlobalSection
	GlobalSection(SolutionProperties) = preSolution
		HideSolutionNode = FALSE
	EndGlobalSection
	GlobalSection(ExtensibilityGlobals) = postSolution
		SolutionGuid = {04B98CCB-E7AF-4A58-B6E7-EC061D5118CB}
	EndGlobalSection
EndGlobal
